# This file is automatically @generated by Cargo.
# It is not intended for manual editing.
[[package]]
name = "autocfg"
version = "0.1.6"
source = "registry+https://github.com/rust-lang/crates.io-index"

[[package]]
name = "cannon"
version = "0.1.0"
dependencies = [
 "canvas 0.1.0",
 "colors 0.1.0",
 "tuples 0.1.0",
]

[[package]]
name = "canvas"
version = "0.1.0"
dependencies = [
 "colors 0.1.0",
]

[[package]]
name = "colors"
version = "0.1.0"
dependencies = [
 "float-cmp 0.5.2 (registry+https://github.com/rust-lang/crates.io-index)",
]

[[package]]
name = "float-cmp"
version = "0.5.2"
source = "registry+https://github.com/rust-lang/crates.io-index"
dependencies = [
 "num-traits 0.2.8 (registry+https://github.com/rust-lang/crates.io-index)",
]

[[package]]
name = "matrices"
version = "0.1.0"
dependencies = [
 "float-cmp 0.5.2 (registry+https://github.com/rust-lang/crates.io-index)",
 "tuples 0.1.0",
]

[[package]]
name = "num-traits"
version = "0.2.8"
source = "registry+https://github.com/rust-lang/crates.io-index"
dependencies = [
 "autocfg 0.1.6 (registry+https://github.com/rust-lang/crates.io-index)",
]

[[package]]
name = "transformations"
version = "0.1.0"
dependencies = [
 "matrices 0.1.0",
 "tuples 0.1.0",
]

[[package]]
name = "tuples"
version = "0.1.0"
dependencies = [
 "float-cmp 0.5.2 (registry+https://github.com/rust-lang/crates.io-index)",
]

[metadata]
"checksum autocfg 0.1.6 (registry+https://github.com/rust-lang/crates.io-index)" = "b671c8fb71b457dd4ae18c4ba1e59aa81793daacc361d82fcd410cef0d491875"
"checksum float-cmp 0.5.2 (registry+https://github.com/rust-lang/crates.io-index)" = "7ef4eee449a2818084dad09f4fcd6e6e8932c482d8d94298493226782bb45b5e"
"checksum num-traits 0.2.8 (registry+https://github.com/rust-lang/crates.io-index)" = "6ba9a427cfca2be13aa6f6403b0b7e7368fe982bfa16fccc450ce74c46cd9b32"
